
Microsoft Visual Studio Solution File, Format Version 12.00
# Visual Studio Version 17
VisualStudioVersion = 17.4.33213.308
MinimumVisualStudioVersion = 10.0.40219.1
Project("{FAE04EC0-301F-11D3-BF4B-00C04F79EFBC}") = "cadastrocliente", "cadastrocliente\cadastrocliente.csproj", "{15C27D51-57F0-41DC-8BB9-CCA937AF808F}"
EndProject
Global
	GlobalSection(SolutionConfigurationPlatforms) = preSolution
		Debug|Any CPU = Debug|Any CPU
		Release|Any CPU = Release|Any CPU
	EndGlobalSection
	GlobalSection(ProjectConfigurationPlatforms) = postSolution
		{15C27D51-57F0-41DC-8BB9-CCA937AF808F}.Debug|Any CPU.ActiveCfg = Debug|Any CPU
		{15C27D51-57F0-41DC-8BB9-CCA937AF808F}.Debug|Any CPU.Build.0 = Debug|Any CPU
		{15C27D51-57F0-41DC-8BB9-CCA937AF808F}.Release|Any CPU.ActiveCfg = Release|Any CPU
		{15C27D51-57F0-41DC-8BB9-CCA937AF808F}.Release|Any CPU.Build.0 = Release|Any CPU
	EndGlobalSection
	GlobalSection(SolutionProperties) = preSolution
		HideSolutionNode = FALSE
	EndGlobalSection
	GlobalSection(ExtensibilityGlobals) = postSolution
		SolutionGuid = {85CDBCFF-9AE7-4630-A458-7B4D38EABB0A}
	EndGlobalSection
EndGlobal
